
Microsoft Visual Studio Solution File, Format Version 12.00
# Visual Studio 2012
Project("{D954291E-2A0B-460D-934E-DC6B0785DB48}") = "NamedSizeTest", "NamedSizeTest\NamedSizeTest.shproj", "{342291C0-14C0-40CB-8B5E-0F473867AD5A}"
EndProject
Project("{FAE04EC0-301F-11D3-BF4B-00C04F79EFBC}") = "NamedSizeTest.iOS", "iOS\NamedSizeTest.iOS.csproj", "{0B4C18B6-AA45-4765-B8C4-B7E466BD20E9}"
EndProject
Project("{FAE04EC0-301F-11D3-BF4B-00C04F79EFBC}") = "NamedSizeTest.Droid", "Droid\NamedSizeTest.Droid.csproj", "{61FDD5C1-7D81-46C8-AD35-E4001C0A2E4F}"
EndProject
Global
	GlobalSection(SolutionConfigurationPlatforms) = preSolution
		Debug|iPhoneSimulator = Debug|iPhoneSimulator
		Release|iPhone = Release|iPhone
		Release|iPhoneSimulator = Release|iPhoneSimulator
		Debug|iPhone = Debug|iPhone
		Debug|Any CPU = Debug|Any CPU
		Release|Any CPU = Release|Any CPU
	EndGlobalSection
	GlobalSection(ProjectConfigurationPlatforms) = postSolution
		{0B4C18B6-AA45-4765-B8C4-B7E466BD20E9}.Debug|iPhoneSimulator.ActiveCfg = Debug|iPhoneSimulator
		{0B4C18B6-AA45-4765-B8C4-B7E466BD20E9}.Debug|iPhoneSimulator.Build.0 = Debug|iPhoneSimulator
		{0B4C18B6-AA45-4765-B8C4-B7E466BD20E9}.Release|iPhone.ActiveCfg = Release|iPhone
		{0B4C18B6-AA45-4765-B8C4-B7E466BD20E9}.Release|iPhone.Build.0 = Release|iPhone
		{0B4C18B6-AA45-4765-B8C4-B7E466BD20E9}.Release|iPhoneSimulator.ActiveCfg = Release|iPhoneSimulator
		{0B4C18B6-AA45-4765-B8C4-B7E466BD20E9}.Release|iPhoneSimulator.Build.0 = Release|iPhoneSimulator
		{0B4C18B6-AA45-4765-B8C4-B7E466BD20E9}.Debug|iPhone.ActiveCfg = Debug|iPhone
		{0B4C18B6-AA45-4765-B8C4-B7E466BD20E9}.Debug|iPhone.Build.0 = Debug|iPhone
		{0B4C18B6-AA45-4765-B8C4-B7E466BD20E9}.Debug|Any CPU.ActiveCfg = Debug|iPhoneSimulator
		{0B4C18B6-AA45-4765-B8C4-B7E466BD20E9}.Debug|Any CPU.Build.0 = Debug|iPhoneSimulator
		{0B4C18B6-AA45-4765-B8C4-B7E466BD20E9}.Release|Any CPU.ActiveCfg = Release|iPhone
		{0B4C18B6-AA45-4765-B8C4-B7E466BD20E9}.Release|Any CPU.Build.0 = Release|iPhone
		{61FDD5C1-7D81-46C8-AD35-E4001C0A2E4F}.Debug|iPhoneSimulator.ActiveCfg = Debug|Any CPU
		{61FDD5C1-7D81-46C8-AD35-E4001C0A2E4F}.Debug|iPhoneSimulator.Build.0 = Debug|Any CPU
		{61FDD5C1-7D81-46C8-AD35-E4001C0A2E4F}.Release|iPhone.ActiveCfg = Release|Any CPU
		{61FDD5C1-7D81-46C8-AD35-E4001C0A2E4F}.Release|iPhone.Build.0 = Release|Any CPU
		{61FDD5C1-7D81-46C8-AD35-E4001C0A2E4F}.Release|iPhoneSimulator.ActiveCfg = Release|Any CPU
		{61FDD5C1-7D81-46C8-AD35-E4001C0A2E4F}.Release|iPhoneSimulator.Build.0 = Release|Any CPU
		{61FDD5C1-7D81-46C8-AD35-E4001C0A2E4F}.Debug|iPhone.ActiveCfg = Debug|Any CPU
		{61FDD5C1-7D81-46C8-AD35-E4001C0A2E4F}.Debug|iPhone.Build.0 = Debug|Any CPU
		{61FDD5C1-7D81-46C8-AD35-E4001C0A2E4F}.Debug|Any CPU.ActiveCfg = Debug|Any CPU
		{61FDD5C1-7D81-46C8-AD35-E4001C0A2E4F}.Debug|Any CPU.Build.0 = Debug|Any CPU
		{61FDD5C1-7D81-46C8-AD35-E4001C0A2E4F}.Release|Any CPU.ActiveCfg = Release|Any CPU
		{61FDD5C1-7D81-46C8-AD35-E4001C0A2E4F}.Release|Any CPU.Build.0 = Release|Any CPU
	EndGlobalSection
EndGlobal
